// !$*UTF8*$!
{
	archiveVersion = 1;
	classes = {
	};
	objectVersion = 46;
	objects = {

/* Begin PBXBuildFile section */
		04039B39175B13920094E4A7 /* ArcGIS.framework in Frameworks */ = {isa = PBXBuildFile; fileRef = 04039B38175B13920094E4A7 /* ArcGIS.framework */; };
		04039B3B175B13A40094E4A7 /* ArcGIS.bundle in Resources */ = {isa = PBXBuildFile; fileRef = 04039B3A175B13A40094E4A7 /* ArcGIS.bundle */; };
		04039B3D175B13AE0094E4A7 /* FacebookSDK.framework in Frameworks */ = {isa = PBXBuildFile; fileRef = 04039B3C175B13AE0094E4A7 /* FacebookSDK.framework */; };
		04039B3F175B13BA0094E4A7 /* Accounts.framework in Frameworks */ = {isa = PBXBuildFile; fileRef = 04039B3E175B13BA0094E4A7 /* Accounts.framework */; };
		04039B41175B13BF0094E4A7 /* Social.framework in Frameworks */ = {isa = PBXBuildFile; fileRef = 04039B40175B13BF0094E4A7 /* Social.framework */; };
		04039B43175B13C40094E4A7 /* AdSupport.framework in Frameworks */ = {isa = PBXBuildFile; fileRef = 04039B42175B13C40094E4A7 /* AdSupport.framework */; };
		04039B45175B13CA0094E4A7 /* MediaPlayer.framework in Frameworks */ = {isa = PBXBuildFile; fileRef = 04039B44175B13CA0094E4A7 /* MediaPlayer.framework */; };
		04039B47175B13D10094E4A7 /* libc++.dylib in Frameworks */ = {isa = PBXBuildFile; fileRef = 04039B46175B13D10094E4A7 /* libc++.dylib */; };
		04039B49175B13DE0094E4A7 /* CoreText.framework in Frameworks */ = {isa = PBXBuildFile; fileRef = 04039B48175B13DE0094E4A7 /* CoreText.framework */; };
		04039B4B175B13E50094E4A7 /* OpenGLES.framework in Frameworks */ = {isa = PBXBuildFile; fileRef = 04039B4A175B13E50094E4A7 /* OpenGLES.framework */; };
		04039B4E175B15A10094E4A7 /* UFProductListViewController.m in Sources */ = {isa = PBXBuildFile; fileRef = 04039B4D175B15A10094E4A7 /* UFProductListViewController.m */; };
		042B19E8175BC2D200F87B46 /* apple_002.jpg in Resources */ = {isa = PBXBuildFile; fileRef = 042B19E7175BC2D200F87B46 /* apple_002.jpg */; };
		042B19EB175BC40C00F87B46 /* UFProductDetailViewController.m in Sources */ = {isa = PBXBuildFile; fileRef = 042B19EA175BC40B00F87B46 /* UFProductDetailViewController.m */; };
		042B19EE175BDDE500F87B46 /* UKImage.m in Sources */ = {isa = PBXBuildFile; fileRef = 042B19ED175BDDE500F87B46 /* UKImage.m */; };
		042B19F1175BDECD00F87B46 /* MBProgressHUD.m in Sources */ = {isa = PBXBuildFile; fileRef = 042B19F0175BDECD00F87B46 /* MBProgressHUD.m */; };
		042B19F5175BF9AE00F87B46 /* UrbanFruitlyTableBG.png in Resources */ = {isa = PBXBuildFile; fileRef = 042B19F4175BF9AE00F87B46 /* UrbanFruitlyTableBG.png */; };
		2F372668175B03A3007B3B23 /* UFUser.m in Sources */ = {isa = PBXBuildFile; fileRef = 2F372667175B03A3007B3B23 /* UFUser.m */; };
		2F37266B175B03B0007B3B23 /* UFProduct.m in Sources */ = {isa = PBXBuildFile; fileRef = 2F37266A175B03B0007B3B23 /* UFProduct.m */; };
		2F37266E175B03B8007B3B23 /* UFTransaction.m in Sources */ = {isa = PBXBuildFile; fileRef = 2F37266D175B03B8007B3B23 /* UFTransaction.m */; };
		2F5D3A9A175AA3EA00005E82 /* UIKit.framework in Frameworks */ = {isa = PBXBuildFile; fileRef = 2F5D3A99175AA3EA00005E82 /* UIKit.framework */; };
		2F5D3A9C175AA3EA00005E82 /* Foundation.framework in Frameworks */ = {isa = PBXBuildFile; fileRef = 2F5D3A9B175AA3EA00005E82 /* Foundation.framework */; };
		2F5D3A9E175AA3EA00005E82 /* CoreGraphics.framework in Frameworks */ = {isa = PBXBuildFile; fileRef = 2F5D3A9D175AA3EA00005E82 /* CoreGraphics.framework */; };
		2F5D3AA4175AA3EA00005E82 /* InfoPlist.strings in Resources */ = {isa = PBXBuildFile; fileRef = 2F5D3AA2175AA3EA00005E82 /* InfoPlist.strings */; };
		2F5D3AA6175AA3EA00005E82 /* main.m in Sources */ = {isa = PBXBuildFile; fileRef = 2F5D3AA5175AA3EA00005E82 /* main.m */; };
		2F5D3AAA175AA3EA00005E82 /* UFAppDelegate.m in Sources */ = {isa = PBXBuildFile; fileRef = 2F5D3AA9175AA3EA00005E82 /* UFAppDelegate.m */; };
		2F5D3AAC175AA3EA00005E82 /* Default.png in Resources */ = {isa = PBXBuildFile; fileRef = 2F5D3AAB175AA3EA00005E82 /* Default.png */; };
		2F5D3AAE175AA3EA00005E82 /* Default@2x.png in Resources */ = {isa = PBXBuildFile; fileRef = 2F5D3AAD175AA3EA00005E82 /* Default@2x.png */; };
		2F5D3AB0175AA3EA00005E82 /* Default-568h@2x.png in Resources */ = {isa = PBXBuildFile; fileRef = 2F5D3AAF175AA3EA00005E82 /* Default-568h@2x.png */; };
		2F5D3AB3175AA3EA00005E82 /* UrbanFruitly_iPhone.storyboard in Resources */ = {isa = PBXBuildFile; fileRef = 2F5D3AB1175AA3EA00005E82 /* UrbanFruitly_iPhone.storyboard */; };
		2F5D3ABF175AB2AB00005E82 /* Parse.framework in Frameworks */ = {isa = PBXBuildFile; fileRef = 2F5D3ABE175AB2AB00005E82 /* Parse.framework */; };
		2F5D3AC4175AB65100005E82 /* UFMainViewController.m in Sources */ = {isa = PBXBuildFile; fileRef = 2F5D3AC3175AB65100005E82 /* UFMainViewController.m */; };
		2F5D3AC6175AB79E00005E82 /* AudioToolbox.framework in Frameworks */ = {isa = PBXBuildFile; fileRef = 2F5D3AC5175AB79E00005E82 /* AudioToolbox.framework */; };
		2F5D3AC8175AB7A400005E82 /* CFNetwork.framework in Frameworks */ = {isa = PBXBuildFile; fileRef = 2F5D3AC7175AB7A400005E82 /* CFNetwork.framework */; };
		2F5D3ACA175AB7B000005E82 /* CoreLocation.framework in Frameworks */ = {isa = PBXBuildFile; fileRef = 2F5D3AC9175AB7B000005E82 /* CoreLocation.framework */; };
		2F5D3ACC175AB7C000005E82 /* libz.1.1.3.dylib in Frameworks */ = {isa = PBXBuildFile; fileRef = 2F5D3ACB175AB7C000005E82 /* libz.1.1.3.dylib */; };
		2F5D3ACE175AB7C800005E82 /* MobileCoreServices.framework in Frameworks */ = {isa = PBXBuildFile; fileRef = 2F5D3ACD175AB7C800005E82 /* MobileCoreServices.framework */; };
		2F5D3AD0175AB7CE00005E82 /* QuartzCore.framework in Frameworks */ = {isa = PBXBuildFile; fileRef = 2F5D3ACF175AB7CE00005E82 /* QuartzCore.framework */; };
		2F5D3AD2175AB7D400005E82 /* Security.framework in Frameworks */ = {isa = PBXBuildFile; fileRef = 2F5D3AD1175AB7D400005E82 /* Security.framework */; };
		2F5D3AD4175AB7DD00005E82 /* StoreKit.framework in Frameworks */ = {isa = PBXBuildFile; fileRef = 2F5D3AD3175AB7DD00005E82 /* StoreKit.framework */; };
		2F5D3AD6175AB7EA00005E82 /* SystemConfiguration.framework in Frameworks */ = {isa = PBXBuildFile; fileRef = 2F5D3AD5175AB7EA00005E82 /* SystemConfiguration.framework */; };
		2F5D3AD9175ABB3B00005E82 /* UFSearchTableViewController.m in Sources */ = {isa = PBXBuildFile; fileRef = 2F5D3AD8175ABB3B00005E82 /* UFSearchTableViewController.m */; };
		2F5D3ADC175ABC7E00005E82 /* UFPostTableViewController.m in Sources */ = {isa = PBXBuildFile; fileRef = 2F5D3ADB175ABC7E00005E82 /* UFPostTableViewController.m */; };
/* End PBXBuildFile section */

/* Begin PBXFileReference section */
		04039B38175B13920094E4A7 /* ArcGIS.framework */ = {isa = PBXFileReference; lastKnownFileType = wrapper.framework; path = ArcGIS.framework; sourceTree = "<group>"; };
		04039B3A175B13A40094E4A7 /* ArcGIS.bundle */ = {isa = PBXFileReference; lastKnownFileType = "wrapper.plug-in"; name = ArcGIS.bundle; path = ArcGIS.framework/Versions/Current/Resources/ArcGIS.bundle; sourceTree = "<group>"; };
		04039B3C175B13AE0094E4A7 /* FacebookSDK.framework */ = {isa = PBXFileReference; lastKnownFileType = wrapper.framework; path = FacebookSDK.framework; sourceTree = "<group>"; };
		04039B3E175B13BA0094E4A7 /* Accounts.framework */ = {isa = PBXFileReference; lastKnownFileType = wrapper.framework; name = Accounts.framework; path = System/Library/Frameworks/Accounts.framework; sourceTree = SDKROOT; };
		04039B40175B13BF0094E4A7 /* Social.framework */ = {isa = PBXFileReference; lastKnownFileType = wrapper.framework; name = Social.framework; path = System/Library/Frameworks/Social.framework; sourceTree = SDKROOT; };
		04039B42175B13C40094E4A7 /* AdSupport.framework */ = {isa = PBXFileReference; lastKnownFileType = wrapper.framework; name = AdSupport.framework; path = System/Library/Frameworks/AdSupport.framework; sourceTree = SDKROOT; };
		04039B44175B13CA0094E4A7 /* MediaPlayer.framework */ = {isa = PBXFileReference; lastKnownFileType = wrapper.framework; name = MediaPlayer.framework; path = System/Library/Frameworks/MediaPlayer.framework; sourceTree = SDKROOT; };
		04039B46175B13D10094E4A7 /* libc++.dylib */ = {isa = PBXFileReference; lastKnownFileType = "compiled.mach-o.dylib"; name = "libc++.dylib"; path = "usr/lib/libc++.dylib"; sourceTree = SDKROOT; };
		04039B48175B13DE0094E4A7 /* CoreText.framework */ = {isa = PBXFileReference; lastKnownFileType = wrapper.framework; name = CoreText.framework; path = System/Library/Frameworks/CoreText.framework; sourceTree = SDKROOT; };
		04039B4A175B13E50094E4A7 /* OpenGLES.framework */ = {isa = PBXFileReference; lastKnownFileType = wrapper.framework; name = OpenGLES.framework; path = System/Library/Frameworks/OpenGLES.framework; sourceTree = SDKROOT; };
		04039B4C175B15A10094E4A7 /* UFProductListViewController.h */ = {isa = PBXFileReference; fileEncoding = 4; lastKnownFileType = sourcecode.c.h; path = UFProductListViewController.h; sourceTree = "<group>"; };
		04039B4D175B15A10094E4A7 /* UFProductListViewController.m */ = {isa = PBXFileReference; fileEncoding = 4; lastKnownFileType = sourcecode.c.objc; path = UFProductListViewController.m; sourceTree = "<group>"; };
		042B19E7175BC2D200F87B46 /* apple_002.jpg */ = {isa = PBXFileReference; lastKnownFileType = image.jpeg; path = apple_002.jpg; sourceTree = "<group>"; };
		042B19E9175BC40B00F87B46 /* UFProductDetailViewController.h */ = {isa = PBXFileReference; fileEncoding = 4; lastKnownFileType = sourcecode.c.h; path = UFProductDetailViewController.h; sourceTree = "<group>"; };
		042B19EA175BC40B00F87B46 /* UFProductDetailViewController.m */ = {isa = PBXFileReference; fileEncoding = 4; lastKnownFileType = sourcecode.c.objc; path = UFProductDetailViewController.m; sourceTree = "<group>"; };
		042B19EC175BDDE500F87B46 /* UKImage.h */ = {isa = PBXFileReference; fileEncoding = 4; lastKnownFileType = sourcecode.c.h; path = UKImage.h; sourceTree = "<group>"; };
		042B19ED175BDDE500F87B46 /* UKImage.m */ = {isa = PBXFileReference; fileEncoding = 4; lastKnownFileType = sourcecode.c.objc; path = UKImage.m; sourceTree = "<group>"; };
		042B19EF175BDECD00F87B46 /* MBProgressHUD.h */ = {isa = PBXFileReference; fileEncoding = 4; lastKnownFileType = sourcecode.c.h; path = MBProgressHUD.h; sourceTree = "<group>"; };
		042B19F0175BDECD00F87B46 /* MBProgressHUD.m */ = {isa = PBXFileReference; fileEncoding = 4; lastKnownFileType = sourcecode.c.objc; path = MBProgressHUD.m; sourceTree = "<group>"; };
		042B19F4175BF9AE00F87B46 /* UrbanFruitlyTableBG.png */ = {isa = PBXFileReference; lastKnownFileType = image.png; path = UrbanFruitlyTableBG.png; sourceTree = "<group>"; };
		2F372666175B03A3007B3B23 /* UFUser.h */ = {isa = PBXFileReference; fileEncoding = 4; lastKnownFileType = sourcecode.c.h; name = UFUser.h; path = Models/UFUser.h; sourceTree = "<group>"; };
		2F372667175B03A3007B3B23 /* UFUser.m */ = {isa = PBXFileReference; fileEncoding = 4; lastKnownFileType = sourcecode.c.objc; name = UFUser.m; path = Models/UFUser.m; sourceTree = "<group>"; };
		2F372669175B03B0007B3B23 /* UFProduct.h */ = {isa = PBXFileReference; fileEncoding = 4; lastKnownFileType = sourcecode.c.h; name = UFProduct.h; path = Models/UFProduct.h; sourceTree = "<group>"; };
		2F37266A175B03B0007B3B23 /* UFProduct.m */ = {isa = PBXFileReference; fileEncoding = 4; lastKnownFileType = sourcecode.c.objc; name = UFProduct.m; path = Models/UFProduct.m; sourceTree = "<group>"; };
		2F37266C175B03B8007B3B23 /* UFTransaction.h */ = {isa = PBXFileReference; fileEncoding = 4; lastKnownFileType = sourcecode.c.h; name = UFTransaction.h; path = Models/UFTransaction.h; sourceTree = "<group>"; };
		2F37266D175B03B8007B3B23 /* UFTransaction.m */ = {isa = PBXFileReference; fileEncoding = 4; lastKnownFileType = sourcecode.c.objc; name = UFTransaction.m; path = Models/UFTransaction.m; sourceTree = "<group>"; };
		2F5D3A96175AA3EA00005E82 /* UrbanFruitly.app */ = {isa = PBXFileReference; explicitFileType = wrapper.application; includeInIndex = 0; path = UrbanFruitly.app; sourceTree = BUILT_PRODUCTS_DIR; };
		2F5D3A99175AA3EA00005E82 /* UIKit.framework */ = {isa = PBXFileReference; lastKnownFileType = wrapper.framework; name = UIKit.framework; path = System/Library/Frameworks/UIKit.framework; sourceTree = SDKROOT; };
		2F5D3A9B175AA3EA00005E82 /* Foundation.framework */ = {isa = PBXFileReference; lastKnownFileType = wrapper.framework; name = Foundation.framework; path = System/Library/Frameworks/Foundation.framework; sourceTree = SDKROOT; };
		2F5D3A9D175AA3EA00005E82 /* CoreGraphics.framework */ = {isa = PBXFileReference; lastKnownFileType = wrapper.framework; name = CoreGraphics.framework; path = System/Library/Frameworks/CoreGraphics.framework; sourceTree = SDKROOT; };
		2F5D3AA1175AA3EA00005E82 /* UrbanFruitly-Info.plist */ = {isa = PBXFileReference; lastKnownFileType = text.plist.xml; path = "UrbanFruitly-Info.plist"; sourceTree = "<group>"; };
		2F5D3AA3175AA3EA00005E82 /* en */ = {isa = PBXFileReference; lastKnownFileType = text.plist.strings; name = en; path = en.lproj/InfoPlist.strings; sourceTree = "<group>"; };
		2F5D3AA5175AA3EA00005E82 /* main.m */ = {isa = PBXFileReference; lastKnownFileType = sourcecode.c.objc; path = main.m; sourceTree = "<group>"; };
		2F5D3AA7175AA3EA00005E82 /* UrbanFruitly-Prefix.pch */ = {isa = PBXFileReference; lastKnownFileType = sourcecode.c.h; path = "UrbanFruitly-Prefix.pch"; sourceTree = "<group>"; };
		2F5D3AA8175AA3EA00005E82 /* UFAppDelegate.h */ = {isa = PBXFileReference; lastKnownFileType = sourcecode.c.h; path = UFAppDelegate.h; sourceTree = "<group>"; };
		2F5D3AA9175AA3EA00005E82 /* UFAppDelegate.m */ = {isa = PBXFileReference; lastKnownFileType = sourcecode.c.objc; path = UFAppDelegate.m; sourceTree = "<group>"; };
		2F5D3AAB175AA3EA00005E82 /* Default.png */ = {isa = PBXFileReference; lastKnownFileType = image.png; path = Default.png; sourceTree = "<group>"; };
		2F5D3AAD175AA3EA00005E82 /* Default@2x.png */ = {isa = PBXFileReference; lastKnownFileType = image.png; path = "Default@2x.png"; sourceTree = "<group>"; };
		2F5D3AAF175AA3EA00005E82 /* Default-568h@2x.png */ = {isa = PBXFileReference; lastKnownFileType = image.png; path = "Default-568h@2x.png"; sourceTree = "<group>"; };
		2F5D3AB2175AA3EA00005E82 /* en */ = {isa = PBXFileReference; lastKnownFileType = file.storyboard; name = en; path = en.lproj/UrbanFruitly_iPhone.storyboard; sourceTree = "<group>"; };
		2F5D3ABE175AB2AB00005E82 /* Parse.framework */ = {isa = PBXFileReference; lastKnownFileType = wrapper.framework; name = Parse.framework; path = "UrbanFruitly/Third Party Frameworks/Parse.framework"; sourceTree = "<group>"; };
		2F5D3AC2175AB65100005E82 /* UFMainViewController.h */ = {isa = PBXFileReference; fileEncoding = 4; lastKnownFileType = sourcecode.c.h; name = UFMainViewController.h; path = Controllers/UFMainViewController.h; sourceTree = "<group>"; };
		2F5D3AC3175AB65100005E82 /* UFMainViewController.m */ = {isa = PBXFileReference; fileEncoding = 4; lastKnownFileType = sourcecode.c.objc; name = UFMainViewController.m; path = Controllers/UFMainViewController.m; sourceTree = "<group>"; };
		2F5D3AC5175AB79E00005E82 /* AudioToolbox.framework */ = {isa = PBXFileReference; lastKnownFileType = wrapper.framework; name = AudioToolbox.framework; path = System/Library/Frameworks/AudioToolbox.framework; sourceTree = SDKROOT; };
		2F5D3AC7175AB7A400005E82 /* CFNetwork.framework */ = {isa = PBXFileReference; lastKnownFileType = wrapper.framework; name = CFNetwork.framework; path = System/Library/Frameworks/CFNetwork.framework; sourceTree = SDKROOT; };
		2F5D3AC9175AB7B000005E82 /* CoreLocation.framework */ = {isa = PBXFileReference; lastKnownFileType = wrapper.framework; name = CoreLocation.framework; path = System/Library/Frameworks/CoreLocation.framework; sourceTree = SDKROOT; };
		2F5D3ACB175AB7C000005E82 /* libz.1.1.3.dylib */ = {isa = PBXFileReference; lastKnownFileType = "compiled.mach-o.dylib"; name = libz.1.1.3.dylib; path = usr/lib/libz.1.1.3.dylib; sourceTree = SDKROOT; };
		2F5D3ACD175AB7C800005E82 /* MobileCoreServices.framework */ = {isa = PBXFileReference; lastKnownFileType = wrapper.framework; name = MobileCoreServices.framework; path = System/Library/Frameworks/MobileCoreServices.framework; sourceTree = SDKROOT; };
		2F5D3ACF175AB7CE00005E82 /* QuartzCore.framework */ = {isa = PBXFileReference; lastKnownFileType = wrapper.framework; name = QuartzCore.framework; path = System/Library/Frameworks/QuartzCore.framework; sourceTree = SDKROOT; };
		2F5D3AD1175AB7D400005E82 /* Security.framework */ = {isa = PBXFileReference; lastKnownFileType = wrapper.framework; name = Security.framework; path = System/Library/Frameworks/Security.framework; sourceTree = SDKROOT; };
		2F5D3AD3175AB7DD00005E82 /* StoreKit.framework */ = {isa = PBXFileReference; lastKnownFileType = wrapper.framework; name = StoreKit.framework; path = System/Library/Frameworks/StoreKit.framework; sourceTree = SDKROOT; };
		2F5D3AD5175AB7EA00005E82 /* SystemConfiguration.framework */ = {isa = PBXFileReference; lastKnownFileType = wrapper.framework; name = SystemConfiguration.framework; path = System/Library/Frameworks/SystemConfiguration.framework; sourceTree = SDKROOT; };
		2F5D3AD7175ABB3B00005E82 /* UFSearchTableViewController.h */ = {isa = PBXFileReference; fileEncoding = 4; lastKnownFileType = sourcecode.c.h; name = UFSearchTableViewController.h; path = Controllers/UFSearchTableViewController.h; sourceTree = "<group>"; };
		2F5D3AD8175ABB3B00005E82 /* UFSearchTableViewController.m */ = {isa = PBXFileReference; fileEncoding = 4; lastKnownFileType = sourcecode.c.objc; name = UFSearchTableViewController.m; path = Controllers/UFSearchTableViewController.m; sourceTree = "<group>"; };
		2F5D3ADA175ABC7E00005E82 /* UFPostTableViewController.h */ = {isa = PBXFileReference; fileEncoding = 4; lastKnownFileType = sourcecode.c.h; name = UFPostTableViewController.h; path = Controllers/UFPostTableViewController.h; sourceTree = "<group>"; };
		2F5D3ADB175ABC7E00005E82 /* UFPostTableViewController.m */ = {isa = PBXFileReference; fileEncoding = 4; lastKnownFileType = sourcecode.c.objc; name = UFPostTableViewController.m; path = Controllers/UFPostTableViewController.m; sourceTree = "<group>"; };
/* End PBXFileReference section */

/* Begin PBXFrameworksBuildPhase section */
		2F5D3A93175AA3EA00005E82 /* Frameworks */ = {
			isa = PBXFrameworksBuildPhase;
			buildActionMask = 2147483647;
			files = (
				2F5D3ACE175AB7C800005E82 /* MobileCoreServices.framework in Frameworks */,
				04039B4B175B13E50094E4A7 /* OpenGLES.framework in Frameworks */,
				04039B49175B13DE0094E4A7 /* CoreText.framework in Frameworks */,
				04039B47175B13D10094E4A7 /* libc++.dylib in Frameworks */,
				04039B45175B13CA0094E4A7 /* MediaPlayer.framework in Frameworks */,
				04039B43175B13C40094E4A7 /* AdSupport.framework in Frameworks */,
				04039B41175B13BF0094E4A7 /* Social.framework in Frameworks */,
				04039B3F175B13BA0094E4A7 /* Accounts.framework in Frameworks */,
				2F5D3AD6175AB7EA00005E82 /* SystemConfiguration.framework in Frameworks */,
				2F5D3AD4175AB7DD00005E82 /* StoreKit.framework in Frameworks */,
				2F5D3AD2175AB7D400005E82 /* Security.framework in Frameworks */,
				2F5D3AD0175AB7CE00005E82 /* QuartzCore.framework in Frameworks */,
				2F5D3ACC175AB7C000005E82 /* libz.1.1.3.dylib in Frameworks */,
				2F5D3ACA175AB7B000005E82 /* CoreLocation.framework in Frameworks */,
				2F5D3A9E175AA3EA00005E82 /* CoreGraphics.framework in Frameworks */,
				2F5D3AC8175AB7A400005E82 /* CFNetwork.framework in Frameworks */,
				2F5D3AC6175AB79E00005E82 /* AudioToolbox.framework in Frameworks */,
				2F5D3A9A175AA3EA00005E82 /* UIKit.framework in Frameworks */,
				2F5D3A9C175AA3EA00005E82 /* Foundation.framework in Frameworks */,
				2F5D3ABF175AB2AB00005E82 /* Parse.framework in Frameworks */,
				04039B39175B13920094E4A7 /* ArcGIS.framework in Frameworks */,
				04039B3D175B13AE0094E4A7 /* FacebookSDK.framework in Frameworks */,
			);
			runOnlyForDeploymentPostprocessing = 0;
		};
/* End PBXFrameworksBuildPhase section */

/* Begin PBXGroup section */
		2F372665175B0387007B3B23 /* Models */ = {
			isa = PBXGroup;
			children = (
				2F372666175B03A3007B3B23 /* UFUser.h */,
				2F372667175B03A3007B3B23 /* UFUser.m */,
				2F372669175B03B0007B3B23 /* UFProduct.h */,
				2F37266A175B03B0007B3B23 /* UFProduct.m */,
				2F37266C175B03B8007B3B23 /* UFTransaction.h */,
				2F37266D175B03B8007B3B23 /* UFTransaction.m */,
			);
			name = Models;
			sourceTree = "<group>";
		};
		2F5D3A8D175AA3EA00005E82 = {
			isa = PBXGroup;
			children = (
				042B19F4175BF9AE00F87B46 /* UrbanFruitlyTableBG.png */,
				042B19E7175BC2D200F87B46 /* apple_002.jpg */,
				2F5D3A9F175AA3EA00005E82 /* UrbanFruitly */,
				2F5D3A98175AA3EA00005E82 /* Frameworks */,
				2F5D3ABD175AB28500005E82 /* Third Party Frameworks */,
				2F5D3A97175AA3EA00005E82 /* Products */,
			);
			sourceTree = "<group>";
		};
		2F5D3A97175AA3EA00005E82 /* Products */ = {
			isa = PBXGroup;
			children = (
				2F5D3A96175AA3EA00005E82 /* UrbanFruitly.app */,
			);
			name = Products;
			sourceTree = "<group>";
		};
		2F5D3A98175AA3EA00005E82 /* Frameworks */ = {
			isa = PBXGroup;
			children = (
				04039B4A175B13E50094E4A7 /* OpenGLES.framework */,
				04039B48175B13DE0094E4A7 /* CoreText.framework */,
				04039B46175B13D10094E4A7 /* libc++.dylib */,
				04039B44175B13CA0094E4A7 /* MediaPlayer.framework */,
				04039B42175B13C40094E4A7 /* AdSupport.framework */,
				04039B40175B13BF0094E4A7 /* Social.framework */,
				04039B3E175B13BA0094E4A7 /* Accounts.framework */,
				04039B3C175B13AE0094E4A7 /* FacebookSDK.framework */,
				04039B3A175B13A40094E4A7 /* ArcGIS.bundle */,
				04039B38175B13920094E4A7 /* ArcGIS.framework */,
				2F5D3AC5175AB79E00005E82 /* AudioToolbox.framework */,
				2F5D3AC7175AB7A400005E82 /* CFNetwork.framework */,
				2F5D3A9D175AA3EA00005E82 /* CoreGraphics.framework */,
				2F5D3AC9175AB7B000005E82 /* CoreLocation.framework */,
				2F5D3A9B175AA3EA00005E82 /* Foundation.framework */,
				2F5D3ACB175AB7C000005E82 /* libz.1.1.3.dylib */,
				2F5D3ACD175AB7C800005E82 /* MobileCoreServices.framework */,
				2F5D3ACF175AB7CE00005E82 /* QuartzCore.framework */,
				2F5D3AD1175AB7D400005E82 /* Security.framework */,
				2F5D3AD3175AB7DD00005E82 /* StoreKit.framework */,
				2F5D3AD5175AB7EA00005E82 /* SystemConfiguration.framework */,
				2F5D3A99175AA3EA00005E82 /* UIKit.framework */,
			);
			name = Frameworks;
			sourceTree = "<group>";
		};
		2F5D3A9F175AA3EA00005E82 /* UrbanFruitly */ = {
			isa = PBXGroup;
			children = (
				2F372665175B0387007B3B23 /* Models */,
				2F5D3AC1175AB35C00005E82 /* Controllers */,
				2F5D3ABC175AA41B00005E82 /* Views */,
				2F5D3AA0175AA3EA00005E82 /* Supporting Files */,
			);
			path = UrbanFruitly;
			sourceTree = "<group>";
		};
		2F5D3AA0175AA3EA00005E82 /* Supporting Files */ = {
			isa = PBXGroup;
			children = (
				2F5D3AA8175AA3EA00005E82 /* UFAppDelegate.h */,
				2F5D3AA9175AA3EA00005E82 /* UFAppDelegate.m */,
				2F5D3AA1175AA3EA00005E82 /* UrbanFruitly-Info.plist */,
				2F5D3AA2175AA3EA00005E82 /* InfoPlist.strings */,
				2F5D3AA5175AA3EA00005E82 /* main.m */,
				2F5D3AA7175AA3EA00005E82 /* UrbanFruitly-Prefix.pch */,
				2F5D3AAB175AA3EA00005E82 /* Default.png */,
				2F5D3AAD175AA3EA00005E82 /* Default@2x.png */,
				2F5D3AAF175AA3EA00005E82 /* Default-568h@2x.png */,
			);
			name = "Supporting Files";
			sourceTree = "<group>";
		};
		2F5D3ABC175AA41B00005E82 /* Views */ = {
			isa = PBXGroup;
			children = (
				2F5D3AB1175AA3EA00005E82 /* UrbanFruitly_iPhone.storyboard */,
			);
			name = Views;
			sourceTree = "<group>";
		};
		2F5D3ABD175AB28500005E82 /* Third Party Frameworks */ = {
			isa = PBXGroup;
			children = (
				2F5D3ABE175AB2AB00005E82 /* Parse.framework */,
			);
			name = "Third Party Frameworks";
			sourceTree = "<group>";
		};
		2F5D3AC1175AB35C00005E82 /* Controllers */ = {
			isa = PBXGroup;
			children = (
				042B19EF175BDECD00F87B46 /* MBProgressHUD.h */,
				042B19F0175BDECD00F87B46 /* MBProgressHUD.m */,
				042B19EC175BDDE500F87B46 /* UKImage.h */,
				042B19ED175BDDE500F87B46 /* UKImage.m */,
				2F5D3AC2175AB65100005E82 /* UFMainViewController.h */,
				2F5D3AC3175AB65100005E82 /* UFMainViewController.m */,
				2F5D3ADA175ABC7E00005E82 /* UFPostTableViewController.h */,
				2F5D3ADB175ABC7E00005E82 /* UFPostTableViewController.m */,
				2F5D3AD7175ABB3B00005E82 /* UFSearchTableViewController.h */,
				2F5D3AD8175ABB3B00005E82 /* UFSearchTableViewController.m */,
				04039B4C175B15A10094E4A7 /* UFProductListViewController.h */,
				04039B4D175B15A10094E4A7 /* UFProductListViewController.m */,
				042B19E9175BC40B00F87B46 /* UFProductDetailViewController.h */,
				042B19EA175BC40B00F87B46 /* UFProductDetailViewController.m */,
			);
			name = Controllers;
			sourceTree = "<group>";
		};
/* End PBXGroup section */

/* Begin PBXNativeTarget section */
		2F5D3A95175AA3EA00005E82 /* UrbanFruitly */ = {
			isa = PBXNativeTarget;
			buildConfigurationList = 2F5D3AB9175AA3EA00005E82 /* Build configuration list for PBXNativeTarget "UrbanFruitly" */;
			buildPhases = (
				2F5D3A92175AA3EA00005E82 /* Sources */,
				2F5D3A93175AA3EA00005E82 /* Frameworks */,
				2F5D3A94175AA3EA00005E82 /* Resources */,
			);
			buildRules = (
			);
			dependencies = (
			);
			name = UrbanFruitly;
			productName = UrbanFruitly;
			productReference = 2F5D3A96175AA3EA00005E82 /* UrbanFruitly.app */;
			productType = "com.apple.product-type.application";
		};
/* End PBXNativeTarget section */

/* Begin PBXProject section */
		2F5D3A8E175AA3EA00005E82 /* Project object */ = {
			isa = PBXProject;
			attributes = {
				CLASSPREFIX = UF;
				LastUpgradeCheck = 0460;
			};
			buildConfigurationList = 2F5D3A91175AA3EA00005E82 /* Build configuration list for PBXProject "UrbanFruitly" */;
			compatibilityVersion = "Xcode 3.2";
			developmentRegion = English;
			hasScannedForEncodings = 0;
			knownRegions = (
				en,
			);
			mainGroup = 2F5D3A8D175AA3EA00005E82;
			productRefGroup = 2F5D3A97175AA3EA00005E82 /* Products */;
			projectDirPath = "";
			projectRoot = "";
			targets = (
				2F5D3A95175AA3EA00005E82 /* UrbanFruitly */,
			);
		};
/* End PBXProject section */

/* Begin PBXResourcesBuildPhase section */
		2F5D3A94175AA3EA00005E82 /* Resources */ = {
			isa = PBXResourcesBuildPhase;
			buildActionMask = 2147483647;
			files = (
				2F5D3AA4175AA3EA00005E82 /* InfoPlist.strings in Resources */,
				2F5D3AAC175AA3EA00005E82 /* Default.png in Resources */,
				2F5D3AAE175AA3EA00005E82 /* Default@2x.png in Resources */,
				2F5D3AB0175AA3EA00005E82 /* Default-568h@2x.png in Resources */,
				2F5D3AB3175AA3EA00005E82 /* UrbanFruitly_iPhone.storyboard in Resources */,
				04039B3B175B13A40094E4A7 /* ArcGIS.bundle in Resources */,
				042B19E8175BC2D200F87B46 /* apple_002.jpg in Resources */,
				042B19F5175BF9AE00F87B46 /* UrbanFruitlyTableBG.png in Resources */,
			);
			runOnlyForDeploymentPostprocessing = 0;
		};
/* End PBXResourcesBuildPhase section */

/* Begin PBXSourcesBuildPhase section */
		2F5D3A92175AA3EA00005E82 /* Sources */ = {
			isa = PBXSourcesBuildPhase;
			buildActionMask = 2147483647;
			files = (
				2F5D3AA6175AA3EA00005E82 /* main.m in Sources */,
				2F5D3AAA175AA3EA00005E82 /* UFAppDelegate.m in Sources */,
				2F5D3AC4175AB65100005E82 /* UFMainViewController.m in Sources */,
				2F5D3AD9175ABB3B00005E82 /* UFSearchTableViewController.m in Sources */,
				2F5D3ADC175ABC7E00005E82 /* UFPostTableViewController.m in Sources */,
				2F372668175B03A3007B3B23 /* UFUser.m in Sources */,
				2F37266B175B03B0007B3B23 /* UFProduct.m in Sources */,
				2F37266E175B03B8007B3B23 /* UFTransaction.m in Sources */,
				04039B4E175B15A10094E4A7 /* UFProductListViewController.m in Sources */,
				042B19EB175BC40C00F87B46 /* UFProductDetailViewController.m in Sources */,
				042B19EE175BDDE500F87B46 /* UKImage.m in Sources */,
				042B19F1175BDECD00F87B46 /* MBProgressHUD.m in Sources */,
			);
			runOnlyForDeploymentPostprocessing = 0;
		};
/* End PBXSourcesBuildPhase section */

/* Begin PBXVariantGroup section */
		2F5D3AA2175AA3EA00005E82 /* InfoPlist.strings */ = {
			isa = PBXVariantGroup;
			children = (
				2F5D3AA3175AA3EA00005E82 /* en */,
			);
			name = InfoPlist.strings;
			sourceTree = "<group>";
		};
		2F5D3AB1175AA3EA00005E82 /* UrbanFruitly_iPhone.storyboard */ = {
			isa = PBXVariantGroup;
			children = (
				2F5D3AB2175AA3EA00005E82 /* en */,
			);
			name = UrbanFruitly_iPhone.storyboard;
			sourceTree = "<group>";
		};
/* End PBXVariantGroup section */

/* Begin XCBuildConfiguration section */
		2F5D3AB7175AA3EA00005E82 /* Debug */ = {
			isa = XCBuildConfiguration;
			buildSettings = {
				ALWAYS_SEARCH_USER_PATHS = NO;
				CLANG_CXX_LANGUAGE_STANDARD = "gnu++0x";
				CLANG_CXX_LIBRARY = "libc++";
				CLANG_ENABLE_OBJC_ARC = YES;
				CLANG_WARN_CONSTANT_CONVERSION = YES;
				CLANG_WARN_EMPTY_BODY = YES;
				CLANG_WARN_ENUM_CONVERSION = YES;
				CLANG_WARN_INT_CONVERSION = YES;
				CLANG_WARN__DUPLICATE_METHOD_MATCH = YES;
				"CODE_SIGN_IDENTITY[sdk=iphoneos*]" = "iPhone Developer: Kalpesh Solanki (8FEL22L36N)";
				COPY_PHASE_STRIP = NO;
				GCC_C_LANGUAGE_STANDARD = gnu99;
				GCC_DYNAMIC_NO_PIC = NO;
				GCC_OPTIMIZATION_LEVEL = 0;
				GCC_PREPROCESSOR_DEFINITIONS = (
					"DEBUG=1",
					"$(inherited)",
				);
				GCC_SYMBOLS_PRIVATE_EXTERN = NO;
				GCC_WARN_ABOUT_RETURN_TYPE = YES;
				GCC_WARN_UNINITIALIZED_AUTOS = YES;
				GCC_WARN_UNUSED_VARIABLE = YES;
				IPHONEOS_DEPLOYMENT_TARGET = 6.0;
				ONLY_ACTIVE_ARCH = YES;
				"OTHER_LDFLAGS[arch=*]" = (
					"-all_load",
					"-ObjC",
					"-framework",
					ArcGIS,
				);
				"PROVISIONING_PROFILE[sdk=iphoneos*]" = "79D50767-342D-4169-9665-C7F3131A1F26";
				SDKROOT = iphoneos;
			};
			name = Debug;
		};
		2F5D3AB8175AA3EA00005E82 /* Release */ = {
			isa = XCBuildConfiguration;
			buildSettings = {
				ALWAYS_SEARCH_USER_PATHS = NO;
				CLANG_CXX_LANGUAGE_STANDARD = "gnu++0x";
				CLANG_CXX_LIBRARY = "libc++";
				CLANG_ENABLE_OBJC_ARC = YES;
				CLANG_WARN_CONSTANT_CONVERSION = YES;
				CLANG_WARN_EMPTY_BODY = YES;
				CLANG_WARN_ENUM_CONVERSION = YES;
				CLANG_WARN_INT_CONVERSION = YES;
				CLANG_WARN__DUPLICATE_METHOD_MATCH = YES;
				"CODE_SIGN_IDENTITY[sdk=iphoneos*]" = "iPhone Developer: Kalpesh Solanki (8FEL22L36N)";
				COPY_PHASE_STRIP = YES;
				GCC_C_LANGUAGE_STANDARD = gnu99;
				GCC_WARN_ABOUT_RETURN_TYPE = YES;
				GCC_WARN_UNINITIALIZED_AUTOS = YES;
				GCC_WARN_UNUSED_VARIABLE = YES;
				IPHONEOS_DEPLOYMENT_TARGET = 6.0;
				OTHER_CFLAGS = "-DNS_BLOCK_ASSERTIONS=1";
				"PROVISIONING_PROFILE[sdk=iphoneos*]" = "79D50767-342D-4169-9665-C7F3131A1F26";
				SDKROOT = iphoneos;
				VALIDATE_PRODUCT = YES;
			};
			name = Release;
		};
		2F5D3ABA175AA3EA00005E82 /* Debug */ = {
			isa = XCBuildConfiguration;
			buildSettings = {
				FRAMEWORK_SEARCH_PATHS = (
					"$(inherited)",
					"\"$(SRCROOT)/UrbanFruitly/Third Party Frameworks\"",
					"\"$(SRCROOT)\"",
				);
				GCC_PRECOMPILE_PREFIX_HEADER = YES;
				GCC_PREFIX_HEADER = "UrbanFruitly/UrbanFruitly-Prefix.pch";
				INFOPLIST_FILE = "UrbanFruitly/UrbanFruitly-Info.plist";
				PRODUCT_NAME = "$(TARGET_NAME)";
				WRAPPER_EXTENSION = app;
			};
			name = Debug;
		};
		2F5D3ABB175AA3EA00005E82 /* Release */ = {
			isa = XCBuildConfiguration;
			buildSettings = {
				FRAMEWORK_SEARCH_PATHS = (
					"$(inherited)",
					"\"$(SRCROOT)/UrbanFruitly/Third Party Frameworks\"",
					"\"$(SRCROOT)\"",
				);
				GCC_PRECOMPILE_PREFIX_HEADER = YES;
				GCC_PREFIX_HEADER = "UrbanFruitly/UrbanFruitly-Prefix.pch";
				INFOPLIST_FILE = "UrbanFruitly/UrbanFruitly-Info.plist";
				PRODUCT_NAME = "$(TARGET_NAME)";
				WRAPPER_EXTENSION = app;
			};
			name = Release;
		};
/* End XCBuildConfiguration section */

/* Begin XCConfigurationList section */
		2F5D3A91175AA3EA00005E82 /* Build configuration list for PBXProject "UrbanFruitly" */ = {
			isa = XCConfigurationList;
			buildConfigurations = (
				2F5D3AB7175AA3EA00005E82 /* Debug */,
				2F5D3AB8175AA3EA00005E82 /* Release */,
			);
			defaultConfigurationIsVisible = 0;
			defaultConfigurationName = Release;
		};
		2F5D3AB9175AA3EA00005E82 /* Build configuration list for PBXNativeTarget "UrbanFruitly" */ = {
			isa = XCConfigurationList;
			buildConfigurations = (
				2F5D3ABA175AA3EA00005E82 /* Debug */,
				2F5D3ABB175AA3EA00005E82 /* Release */,
			);
			defaultConfigurationIsVisible = 0;
			defaultConfigurationName = Release;
		};
/* End XCConfigurationList section */
	};
	rootObject = 2F5D3A8E175AA3EA00005E82 /* Project object */;
}
